
Microsoft Visual Studio Solution File, Format Version 12.00
# Visual Studio Version 16
VisualStudioVersion = 16.0.29806.167
MinimumVisualStudioVersion = 10.0.40219.1
Project("{FAE04EC0-301F-11D3-BF4B-00C04F79EFBC}") = "TicyTackyToe.Android", "TicyTackyToe\TicyTackyToe.Android\TicyTackyToe.Android.csproj", "{633B8249-3383-4A43-B22E-D117EE3A6A63}"
EndProject
Project("{FAE04EC0-301F-11D3-BF4B-00C04F79EFBC}") = "TicyTackyToe", "TicyTackyToe\TicyTackyToe\TicyTackyToe.csproj", "{E972F4A5-EEBD-4430-B725-3A2EE4EDC5FB}"
EndProject
Global
	GlobalSection(SolutionConfigurationPlatforms) = preSolution
		Debug|Any CPU = Debug|Any CPU
		Release|Any CPU = Release|Any CPU
	EndGlobalSection
	GlobalSection(ProjectConfigurationPlatforms) = postSolution
		{633B8249-3383-4A43-B22E-D117EE3A6A63}.Debug|Any CPU.ActiveCfg = Debug|Any CPU
		{633B8249-3383-4A43-B22E-D117EE3A6A63}.Debug|Any CPU.Build.0 = Debug|Any CPU
		{633B8249-3383-4A43-B22E-D117EE3A6A63}.Debug|Any CPU.Deploy.0 = Debug|Any CPU
		{633B8249-3383-4A43-B22E-D117EE3A6A63}.Release|Any CPU.ActiveCfg = Release|Any CPU
		{633B8249-3383-4A43-B22E-D117EE3A6A63}.Release|Any CPU.Build.0 = Release|Any CPU
		{633B8249-3383-4A43-B22E-D117EE3A6A63}.Release|Any CPU.Deploy.0 = Release|Any CPU
		{E972F4A5-EEBD-4430-B725-3A2EE4EDC5FB}.Debug|Any CPU.ActiveCfg = Debug|Any CPU
		{E972F4A5-EEBD-4430-B725-3A2EE4EDC5FB}.Debug|Any CPU.Build.0 = Debug|Any CPU
		{E972F4A5-EEBD-4430-B725-3A2EE4EDC5FB}.Release|Any CPU.ActiveCfg = Release|Any CPU
		{E972F4A5-EEBD-4430-B725-3A2EE4EDC5FB}.Release|Any CPU.Build.0 = Release|Any CPU
	EndGlobalSection
	GlobalSection(SolutionProperties) = preSolution
		HideSolutionNode = FALSE
	EndGlobalSection
	GlobalSection(ExtensibilityGlobals) = postSolution
		SolutionGuid = {0987BC5A-325B-4BB3-9BDD-B0514F62BE64}
	EndGlobalSection
EndGlobal
